// !$*UTF8*$!
{
	archiveVersion = 1;
	classes = {
	};
	objectVersion = 55;
	objects = {

/* Begin PBXBuildFile section */
		78251E0C26AC6B5F00C736A6 /* AppDelegate.swift in Sources */ = {isa = PBXBuildFile; fileRef = 78251E0B26AC6B5F00C736A6 /* AppDelegate.swift */; };
		78251E0E26AC6B5F00C736A6 /* SceneDelegate.swift in Sources */ = {isa = PBXBuildFile; fileRef = 78251E0D26AC6B5F00C736A6 /* SceneDelegate.swift */; };
		78251E1026AC6B5F00C736A6 /* ViewController.swift in Sources */ = {isa = PBXBuildFile; fileRef = 78251E0F26AC6B5F00C736A6 /* ViewController.swift */; };
		78251E1326AC6B5F00C736A6 /* Main.storyboard in Resources */ = {isa = PBXBuildFile; fileRef = 78251E1126AC6B5F00C736A6 /* Main.storyboard */; };
		78251E1526AC6B6000C736A6 /* Assets.xcassets in Resources */ = {isa = PBXBuildFile; fileRef = 78251E1426AC6B6000C736A6 /* Assets.xcassets */; };
		78251E1826AC6B6000C736A6 /* LaunchScreen.storyboard in Resources */ = {isa = PBXBuildFile; fileRef = 78251E1626AC6B6000C736A6 /* LaunchScreen.storyboard */; };
		78251E2326AC6B6000C736A6 /* SchemakerTests.swift in Sources */ = {isa = PBXBuildFile; fileRef = 78251E2226AC6B6000C736A6 /* SchemakerTests.swift */; };
		78251E2D26AC6B6000C736A6 /* SchemakerUITests.swift in Sources */ = {isa = PBXBuildFile; fileRef = 78251E2C26AC6B6000C736A6 /* SchemakerUITests.swift */; };
		78251E3D26AC6F4900C736A6 /* ListSchemaViewController.swift in Sources */ = {isa = PBXBuildFile; fileRef = 78251E3C26AC6F4900C736A6 /* ListSchemaViewController.swift */; };
		78251E3F26AC6F6500C736A6 /* ListSchemaViewModel.swift in Sources */ = {isa = PBXBuildFile; fileRef = 78251E3E26AC6F6500C736A6 /* ListSchemaViewModel.swift */; };
		78251E4126AC6FF000C736A6 /* ListSchemaViewController.xib in Resources */ = {isa = PBXBuildFile; fileRef = 78251E4026AC6FF000C736A6 /* ListSchemaViewController.xib */; };
		78251E4726AC728300C736A6 /* ListSchemaTextCell.swift in Sources */ = {isa = PBXBuildFile; fileRef = 78251E4526AC728300C736A6 /* ListSchemaTextCell.swift */; };
		78251E4826AC728300C736A6 /* ListSchemaTextCell.xib in Resources */ = {isa = PBXBuildFile; fileRef = 78251E4626AC728300C736A6 /* ListSchemaTextCell.xib */; };
		78251E4C26AC72A600C736A6 /* ListSchemaImageCell.swift in Sources */ = {isa = PBXBuildFile; fileRef = 78251E4A26AC72A600C736A6 /* ListSchemaImageCell.swift */; };
		78251E4D26AC72A600C736A6 /* ListSchemaImageCell.xib in Resources */ = {isa = PBXBuildFile; fileRef = 78251E4B26AC72A600C736A6 /* ListSchemaImageCell.xib */; };
		78251E5126AC73D900C736A6 /* ListSchemaAddItemCell.swift in Sources */ = {isa = PBXBuildFile; fileRef = 78251E4F26AC73D900C736A6 /* ListSchemaAddItemCell.swift */; };
		78251E5226AC73D900C736A6 /* ListSchemaAddItemCell.xib in Resources */ = {isa = PBXBuildFile; fileRef = 78251E5026AC73D900C736A6 /* ListSchemaAddItemCell.xib */; };
		78251E5626AC75DC00C736A6 /* ItemPreviewViewController.swift in Sources */ = {isa = PBXBuildFile; fileRef = 78251E5526AC75DC00C736A6 /* ItemPreviewViewController.swift */; };
		78251E5826AC760B00C736A6 /* ItemPreviewViewController.xib in Resources */ = {isa = PBXBuildFile; fileRef = 78251E5726AC760B00C736A6 /* ItemPreviewViewController.xib */; };
		78251E5C26AC776000C736A6 /* CommonContentView.swift in Sources */ = {isa = PBXBuildFile; fileRef = 78251E5B26AC776000C736A6 /* CommonContentView.swift */; };
		78251E6026AC898B00C736A6 /* ItemPreviewTextContentView.swift in Sources */ = {isa = PBXBuildFile; fileRef = 78251E5F26AC898B00C736A6 /* ItemPreviewTextContentView.swift */; };
		78251E6226AC89CD00C736A6 /* ItemPreviewDrawingContentView.swift in Sources */ = {isa = PBXBuildFile; fileRef = 78251E6126AC89CD00C736A6 /* ItemPreviewDrawingContentView.swift */; };
		78251E6526AC8A7600C736A6 /* SchemasListViewController.swift in Sources */ = {isa = PBXBuildFile; fileRef = 78251E6426AC8A7600C736A6 /* SchemasListViewController.swift */; };
		78251E6826AC8A9700C736A6 /* SchemasListViewController.xib in Resources */ = {isa = PBXBuildFile; fileRef = 78251E6726AC8A9700C736A6 /* SchemasListViewController.xib */; };
		78251E6C26ACA98100C736A6 /* SchemaCell.swift in Sources */ = {isa = PBXBuildFile; fileRef = 78251E6A26ACA98100C736A6 /* SchemaCell.swift */; };
		78251E6D26ACA98100C736A6 /* SchemaCell.xib in Resources */ = {isa = PBXBuildFile; fileRef = 78251E6B26ACA98100C736A6 /* SchemaCell.xib */; };
		78251E6F26ACA9A800C736A6 /* SchemasListViewModel.swift in Sources */ = {isa = PBXBuildFile; fileRef = 78251E6E26ACA9A800C736A6 /* SchemasListViewModel.swift */; };
		78251E7126ACAA4900C736A6 /* SchemasListRouter.swift in Sources */ = {isa = PBXBuildFile; fileRef = 78251E7026ACAA4900C736A6 /* SchemasListRouter.swift */; };
		78251E7426ACAD7000C736A6 /* UIColor+Extension.swift in Sources */ = {isa = PBXBuildFile; fileRef = 78251E7326ACAD7000C736A6 /* UIColor+Extension.swift */; };
		78251E7626ACAE4400C736A6 /* SchemasListCollectionViewManager.swift in Sources */ = {isa = PBXBuildFile; fileRef = 78251E7526ACAE4400C736A6 /* SchemasListCollectionViewManager.swift */; };
		78251E7C26ACB01800C736A6 /* UICollectionView+Extension.swift in Sources */ = {isa = PBXBuildFile; fileRef = 78251E7B26ACB01800C736A6 /* UICollectionView+Extension.swift */; };
		78251E8226ACBB2000C736A6 /* RxCocoa in Frameworks */ = {isa = PBXBuildFile; productRef = 78251E8126ACBB2000C736A6 /* RxCocoa */; };
		78251E8426ACBB2000C736A6 /* RxSwift in Frameworks */ = {isa = PBXBuildFile; productRef = 78251E8326ACBB2000C736A6 /* RxSwift */; };
		78251E8726ACBB5100C736A6 /* SchemaCellModel.swift in Sources */ = {isa = PBXBuildFile; fileRef = 78251E8626ACBB5100C736A6 /* SchemaCellModel.swift */; };
		78251E8A26ACBC7B00C736A6 /* SchemasListCellModelFactory.swift in Sources */ = {isa = PBXBuildFile; fileRef = 78251E8926ACBC7B00C736A6 /* SchemasListCellModelFactory.swift */; };
		78251E8C26ACC2E400C736A6 /* Array+Extension.swift in Sources */ = {isa = PBXBuildFile; fileRef = 78251E8B26ACC2E400C736A6 /* Array+Extension.swift */; };
		78251E8E26ACCA2400C736A6 /* CALayer+Extension.swift in Sources */ = {isa = PBXBuildFile; fileRef = 78251E8D26ACCA2400C736A6 /* CALayer+Extension.swift */; };
		78251E9226ACD48900C736A6 /* AddItemModel.swift in Sources */ = {isa = PBXBuildFile; fileRef = 78251E9126ACD48900C736A6 /* AddItemModel.swift */; };
		78251E9526ACD4F500C736A6 /* SchemaItemModel.swift in Sources */ = {isa = PBXBuildFile; fileRef = 78251E9426ACD4F500C736A6 /* SchemaItemModel.swift */; };
		78251E9726ACD52300C736A6 /* ListSchemaCellModelFactory.swift in Sources */ = {isa = PBXBuildFile; fileRef = 78251E9626ACD52300C736A6 /* ListSchemaCellModelFactory.swift */; };
		78251E9A26ACD60800C736A6 /* ListSchemeTableManager.swift in Sources */ = {isa = PBXBuildFile; fileRef = 78251E9926ACD60800C736A6 /* ListSchemeTableManager.swift */; };
		78251E9C26ACD72200C736A6 /* UITableView+Extension.swift in Sources */ = {isa = PBXBuildFile; fileRef = 78251E9B26ACD72200C736A6 /* UITableView+Extension.swift */; };
		78251E9E26AD810300C736A6 /* ListSchemeRouter.swift in Sources */ = {isa = PBXBuildFile; fileRef = 78251E9D26AD810300C736A6 /* ListSchemeRouter.swift */; };
		78251EA126ADFB7600C736A6 /* SchemeToolCurtain.swift in Sources */ = {isa = PBXBuildFile; fileRef = 78251EA026ADFB7600C736A6 /* SchemeToolCurtain.swift */; };
		78251EA326ADFDED00C736A6 /* SchemeToolCurtain.xib in Resources */ = {isa = PBXBuildFile; fileRef = 78251EA226ADFDED00C736A6 /* SchemeToolCurtain.xib */; };
		78251EA626ADFF4400C736A6 /* SchemeToolCurtainViewModel.swift in Sources */ = {isa = PBXBuildFile; fileRef = 78251EA526ADFF4400C736A6 /* SchemeToolCurtainViewModel.swift */; };
		78251EAC26AE006100C736A6 /* ToolCurtainColorCell.swift in Sources */ = {isa = PBXBuildFile; fileRef = 78251EAA26AE006100C736A6 /* ToolCurtainColorCell.swift */; };
		78251EAD26AE006100C736A6 /* ToolCurtainColorCell.xib in Resources */ = {isa = PBXBuildFile; fileRef = 78251EAB26AE006100C736A6 /* ToolCurtainColorCell.xib */; };
		78251EB026AE027000C736A6 /* SchemeToolColorCollectionManager.swift in Sources */ = {isa = PBXBuildFile; fileRef = 78251EAF26AE027000C736A6 /* SchemeToolColorCollectionManager.swift */; };
		78251EB326AE04F800C736A6 /* ToolCurtainColorModel.swift in Sources */ = {isa = PBXBuildFile; fileRef = 78251EB226AE04F800C736A6 /* ToolCurtainColorModel.swift */; };
		78251EB626AE056600C736A6 /* ToolCurtainCellModelBuilder.swift in Sources */ = {isa = PBXBuildFile; fileRef = 78251EB526AE056600C736A6 /* ToolCurtainCellModelBuilder.swift */; };
		78251EB926AE205500C736A6 /* Curtain.swift in Sources */ = {isa = PBXBuildFile; fileRef = 78251EB826AE205500C736A6 /* Curtain.swift */; };
		78B7651B26AF663F00BC0923 /* ImageItem.swift in Sources */ = {isa = PBXBuildFile; fileRef = 78B7651A26AF663F00BC0923 /* ImageItem.swift */; };
		78B7651D26AF788A00BC0923 /* CommonOutput.swift in Sources */ = {isa = PBXBuildFile; fileRef = 78B7651C26AF788A00BC0923 /* CommonOutput.swift */; };
		78B7651F26AF78C500BC0923 /* TextOutput.swift in Sources */ = {isa = PBXBuildFile; fileRef = 78B7651E26AF78C500BC0923 /* TextOutput.swift */; };
		78B7652126AF78FD00BC0923 /* ItemPreviewViewModel.swift in Sources */ = {isa = PBXBuildFile; fileRef = 78B7652026AF78FD00BC0923 /* ItemPreviewViewModel.swift */; };
		78B7652326B0BBBF00BC0923 /* ToolCurtainModel.swift in Sources */ = {isa = PBXBuildFile; fileRef = 78B7652226B0BBBF00BC0923 /* ToolCurtainModel.swift */; };
		78B7652526B0C46F00BC0923 /* SchemeToolCurtainOutput.swift in Sources */ = {isa = PBXBuildFile; fileRef = 78B7652426B0C46F00BC0923 /* SchemeToolCurtainOutput.swift */; };
		78B7652726B0C9A100BC0923 /* DrawingModel.swift in Sources */ = {isa = PBXBuildFile; fileRef = 78B7652626B0C9A100BC0923 /* DrawingModel.swift */; };
/* End PBXBuildFile section */

/* Begin PBXContainerItemProxy section */
		78251E1F26AC6B6000C736A6 /* PBXContainerItemProxy */ = {
			isa = PBXContainerItemProxy;
			containerPortal = 78251E0026AC6B5F00C736A6 /* Project object */;
			proxyType = 1;
			remoteGlobalIDString = 78251E0726AC6B5F00C736A6;
			remoteInfo = Schemaker;
		};
		78251E2926AC6B6000C736A6 /* PBXContainerItemProxy */ = {
			isa = PBXContainerItemProxy;
			containerPortal = 78251E0026AC6B5F00C736A6 /* Project object */;
			proxyType = 1;
			remoteGlobalIDString = 78251E0726AC6B5F00C736A6;
			remoteInfo = Schemaker;
		};
/* End PBXContainerItemProxy section */

/* Begin PBXFileReference section */
		78251E0826AC6B5F00C736A6 /* Schemaker.app */ = {isa = PBXFileReference; explicitFileType = wrapper.application; includeInIndex = 0; path = Schemaker.app; sourceTree = BUILT_PRODUCTS_DIR; };
		78251E0B26AC6B5F00C736A6 /* AppDelegate.swift */ = {isa = PBXFileReference; lastKnownFileType = sourcecode.swift; path = AppDelegate.swift; sourceTree = "<group>"; };
		78251E0D26AC6B5F00C736A6 /* SceneDelegate.swift */ = {isa = PBXFileReference; lastKnownFileType = sourcecode.swift; path = SceneDelegate.swift; sourceTree = "<group>"; };
		78251E0F26AC6B5F00C736A6 /* ViewController.swift */ = {isa = PBXFileReference; lastKnownFileType = sourcecode.swift; path = ViewController.swift; sourceTree = "<group>"; };
		78251E1226AC6B5F00C736A6 /* Base */ = {isa = PBXFileReference; lastKnownFileType = file.storyboard; name = Base; path = Base.lproj/Main.storyboard; sourceTree = "<group>"; };
		78251E1426AC6B6000C736A6 /* Assets.xcassets */ = {isa = PBXFileReference; lastKnownFileType = folder.assetcatalog; path = Assets.xcassets; sourceTree = "<group>"; };
		78251E1726AC6B6000C736A6 /* Base */ = {isa = PBXFileReference; lastKnownFileType = file.storyboard; name = Base; path = Base.lproj/LaunchScreen.storyboard; sourceTree = "<group>"; };
		78251E1926AC6B6000C736A6 /* Info.plist */ = {isa = PBXFileReference; lastKnownFileType = text.plist.xml; path = Info.plist; sourceTree = "<group>"; };
		78251E1E26AC6B6000C736A6 /* SchemakerTests.xctest */ = {isa = PBXFileReference; explicitFileType = wrapper.cfbundle; includeInIndex = 0; path = SchemakerTests.xctest; sourceTree = BUILT_PRODUCTS_DIR; };
		78251E2226AC6B6000C736A6 /* SchemakerTests.swift */ = {isa = PBXFileReference; lastKnownFileType = sourcecode.swift; path = SchemakerTests.swift; sourceTree = "<group>"; };
		78251E2826AC6B6000C736A6 /* SchemakerUITests.xctest */ = {isa = PBXFileReference; explicitFileType = wrapper.cfbundle; includeInIndex = 0; path = SchemakerUITests.xctest; sourceTree = BUILT_PRODUCTS_DIR; };
		78251E2C26AC6B6000C736A6 /* SchemakerUITests.swift */ = {isa = PBXFileReference; lastKnownFileType = sourcecode.swift; path = SchemakerUITests.swift; sourceTree = "<group>"; };
		78251E3C26AC6F4900C736A6 /* ListSchemaViewController.swift */ = {isa = PBXFileReference; lastKnownFileType = sourcecode.swift; path = ListSchemaViewController.swift; sourceTree = "<group>"; };
		78251E3E26AC6F6500C736A6 /* ListSchemaViewModel.swift */ = {isa = PBXFileReference; lastKnownFileType = sourcecode.swift; path = ListSchemaViewModel.swift; sourceTree = "<group>"; };
		78251E4026AC6FF000C736A6 /* ListSchemaViewController.xib */ = {isa = PBXFileReference; lastKnownFileType = file.xib; path = ListSchemaViewController.xib; sourceTree = "<group>"; };
		78251E4526AC728300C736A6 /* ListSchemaTextCell.swift */ = {isa = PBXFileReference; lastKnownFileType = sourcecode.swift; path = ListSchemaTextCell.swift; sourceTree = "<group>"; };
		78251E4626AC728300C736A6 /* ListSchemaTextCell.xib */ = {isa = PBXFileReference; lastKnownFileType = file.xib; path = ListSchemaTextCell.xib; sourceTree = "<group>"; };
		78251E4A26AC72A600C736A6 /* ListSchemaImageCell.swift */ = {isa = PBXFileReference; lastKnownFileType = sourcecode.swift; path = ListSchemaImageCell.swift; sourceTree = "<group>"; };
		78251E4B26AC72A600C736A6 /* ListSchemaImageCell.xib */ = {isa = PBXFileReference; lastKnownFileType = file.xib; path = ListSchemaImageCell.xib; sourceTree = "<group>"; };
		78251E4F26AC73D900C736A6 /* ListSchemaAddItemCell.swift */ = {isa = PBXFileReference; lastKnownFileType = sourcecode.swift; path = ListSchemaAddItemCell.swift; sourceTree = "<group>"; };
		78251E5026AC73D900C736A6 /* ListSchemaAddItemCell.xib */ = {isa = PBXFileReference; lastKnownFileType = file.xib; path = ListSchemaAddItemCell.xib; sourceTree = "<group>"; };
		78251E5526AC75DC00C736A6 /* ItemPreviewViewController.swift */ = {isa = PBXFileReference; lastKnownFileType = sourcecode.swift; path = ItemPreviewViewController.swift; sourceTree = "<group>"; };
		78251E5726AC760B00C736A6 /* ItemPreviewViewController.xib */ = {isa = PBXFileReference; lastKnownFileType = file.xib; path = ItemPreviewViewController.xib; sourceTree = "<group>"; };
		78251E5B26AC776000C736A6 /* CommonContentView.swift */ = {isa = PBXFileReference; lastKnownFileType = sourcecode.swift; path = CommonContentView.swift; sourceTree = "<group>"; };
		78251E5F26AC898B00C736A6 /* ItemPreviewTextContentView.swift */ = {isa = PBXFileReference; lastKnownFileType = sourcecode.swift; path = ItemPreviewTextContentView.swift; sourceTree = "<group>"; };
		78251E6126AC89CD00C736A6 /* ItemPreviewDrawingContentView.swift */ = {isa = PBXFileReference; lastKnownFileType = sourcecode.swift; path = ItemPreviewDrawingContentView.swift; sourceTree = "<group>"; };
		78251E6426AC8A7600C736A6 /* SchemasListViewController.swift */ = {isa = PBXFileReference; lastKnownFileType = sourcecode.swift; path = SchemasListViewController.swift; sourceTree = "<group>"; };
		78251E6726AC8A9700C736A6 /* SchemasListViewController.xib */ = {isa = PBXFileReference; lastKnownFileType = file.xib; path = SchemasListViewController.xib; sourceTree = "<group>"; };
		78251E6A26ACA98100C736A6 /* SchemaCell.swift */ = {isa = PBXFileReference; lastKnownFileType = sourcecode.swift; path = SchemaCell.swift; sourceTree = "<group>"; };
		78251E6B26ACA98100C736A6 /* SchemaCell.xib */ = {isa = PBXFileReference; lastKnownFileType = file.xib; path = SchemaCell.xib; sourceTree = "<group>"; };
		78251E6E26ACA9A800C736A6 /* SchemasListViewModel.swift */ = {isa = PBXFileReference; lastKnownFileType = sourcecode.swift; path = SchemasListViewModel.swift; sourceTree = "<group>"; };
		78251E7026ACAA4900C736A6 /* SchemasListRouter.swift */ = {isa = PBXFileReference; lastKnownFileType = sourcecode.swift; path = SchemasListRouter.swift; sourceTree = "<group>"; };
		78251E7326ACAD7000C736A6 /* UIColor+Extension.swift */ = {isa = PBXFileReference; lastKnownFileType = sourcecode.swift; path = "UIColor+Extension.swift"; sourceTree = "<group>"; };
		78251E7526ACAE4400C736A6 /* SchemasListCollectionViewManager.swift */ = {isa = PBXFileReference; lastKnownFileType = sourcecode.swift; path = SchemasListCollectionViewManager.swift; sourceTree = "<group>"; };
		78251E7B26ACB01800C736A6 /* UICollectionView+Extension.swift */ = {isa = PBXFileReference; lastKnownFileType = sourcecode.swift; path = "UICollectionView+Extension.swift"; sourceTree = "<group>"; };
		78251E8626ACBB5100C736A6 /* SchemaCellModel.swift */ = {isa = PBXFileReference; lastKnownFileType = sourcecode.swift; path = SchemaCellModel.swift; sourceTree = "<group>"; };
		78251E8926ACBC7B00C736A6 /* SchemasListCellModelFactory.swift */ = {isa = PBXFileReference; lastKnownFileType = sourcecode.swift; path = SchemasListCellModelFactory.swift; sourceTree = "<group>"; };
		78251E8B26ACC2E400C736A6 /* Array+Extension.swift */ = {isa = PBXFileReference; lastKnownFileType = sourcecode.swift; path = "Array+Extension.swift"; sourceTree = "<group>"; };
		78251E8D26ACCA2400C736A6 /* CALayer+Extension.swift */ = {isa = PBXFileReference; lastKnownFileType = sourcecode.swift; path = "CALayer+Extension.swift"; sourceTree = "<group>"; };
		78251E9126ACD48900C736A6 /* AddItemModel.swift */ = {isa = PBXFileReference; lastKnownFileType = sourcecode.swift; path = AddItemModel.swift; sourceTree = "<group>"; };
		78251E9426ACD4F500C736A6 /* SchemaItemModel.swift */ = {isa = PBXFileReference; lastKnownFileType = sourcecode.swift; path = SchemaItemModel.swift; sourceTree = "<group>"; };
		78251E9626ACD52300C736A6 /* ListSchemaCellModelFactory.swift */ = {isa = PBXFileReference; lastKnownFileType = sourcecode.swift; path = ListSchemaCellModelFactory.swift; sourceTree = "<group>"; };
		78251E9926ACD60800C736A6 /* ListSchemeTableManager.swift */ = {isa = PBXFileReference; lastKnownFileType = sourcecode.swift; path = ListSchemeTableManager.swift; sourceTree = "<group>"; };
		78251E9B26ACD72200C736A6 /* UITableView+Extension.swift */ = {isa = PBXFileReference; lastKnownFileType = sourcecode.swift; path = "UITableView+Extension.swift"; sourceTree = "<group>"; };
		78251E9D26AD810300C736A6 /* ListSchemeRouter.swift */ = {isa = PBXFileReference; lastKnownFileType = sourcecode.swift; path = ListSchemeRouter.swift; sourceTree = "<group>"; };
		78251EA026ADFB7600C736A6 /* SchemeToolCurtain.swift */ = {isa = PBXFileReference; lastKnownFileType = sourcecode.swift; path = SchemeToolCurtain.swift; sourceTree = "<group>"; };
		78251EA226ADFDED00C736A6 /* SchemeToolCurtain.xib */ = {isa = PBXFileReference; lastKnownFileType = file.xib; path = SchemeToolCurtain.xib; sourceTree = "<group>"; };
		78251EA526ADFF4400C736A6 /* SchemeToolCurtainViewModel.swift */ = {isa = PBXFileReference; lastKnownFileType = sourcecode.swift; path = SchemeToolCurtainViewModel.swift; sourceTree = "<group>"; };
		78251EAA26AE006100C736A6 /* ToolCurtainColorCell.swift */ = {isa = PBXFileReference; lastKnownFileType = sourcecode.swift; path = ToolCurtainColorCell.swift; sourceTree = "<group>"; };
		78251EAB26AE006100C736A6 /* ToolCurtainColorCell.xib */ = {isa = PBXFileReference; lastKnownFileType = file.xib; path = ToolCurtainColorCell.xib; sourceTree = "<group>"; };
		78251EAF26AE027000C736A6 /* SchemeToolColorCollectionManager.swift */ = {isa = PBXFileReference; lastKnownFileType = sourcecode.swift; path = SchemeToolColorCollectionManager.swift; sourceTree = "<group>"; };
		78251EB226AE04F800C736A6 /* ToolCurtainColorModel.swift */ = {isa = PBXFileReference; lastKnownFileType = sourcecode.swift; path = ToolCurtainColorModel.swift; sourceTree = "<group>"; };
		78251EB526AE056600C736A6 /* ToolCurtainCellModelBuilder.swift */ = {isa = PBXFileReference; lastKnownFileType = sourcecode.swift; path = ToolCurtainCellModelBuilder.swift; sourceTree = "<group>"; };
		78251EB826AE205500C736A6 /* Curtain.swift */ = {isa = PBXFileReference; lastKnownFileType = sourcecode.swift; path = Curtain.swift; sourceTree = "<group>"; };
		78B7651A26AF663F00BC0923 /* ImageItem.swift */ = {isa = PBXFileReference; lastKnownFileType = sourcecode.swift; path = ImageItem.swift; sourceTree = "<group>"; };
		78B7651C26AF788A00BC0923 /* CommonOutput.swift */ = {isa = PBXFileReference; lastKnownFileType = sourcecode.swift; path = CommonOutput.swift; sourceTree = "<group>"; };
		78B7651E26AF78C500BC0923 /* TextOutput.swift */ = {isa = PBXFileReference; lastKnownFileType = sourcecode.swift; path = TextOutput.swift; sourceTree = "<group>"; };
		78B7652026AF78FD00BC0923 /* ItemPreviewViewModel.swift */ = {isa = PBXFileReference; lastKnownFileType = sourcecode.swift; path = ItemPreviewViewModel.swift; sourceTree = "<group>"; };
		78B7652226B0BBBF00BC0923 /* ToolCurtainModel.swift */ = {isa = PBXFileReference; lastKnownFileType = sourcecode.swift; path = ToolCurtainModel.swift; sourceTree = "<group>"; };
		78B7652426B0C46F00BC0923 /* SchemeToolCurtainOutput.swift */ = {isa = PBXFileReference; lastKnownFileType = sourcecode.swift; path = SchemeToolCurtainOutput.swift; sourceTree = "<group>"; };
		78B7652626B0C9A100BC0923 /* DrawingModel.swift */ = {isa = PBXFileReference; lastKnownFileType = sourcecode.swift; path = DrawingModel.swift; sourceTree = "<group>"; };
/* End PBXFileReference section */

/* Begin PBXFrameworksBuildPhase section */
		78251E0526AC6B5F00C736A6 /* Frameworks */ = {
			isa = PBXFrameworksBuildPhase;
			buildActionMask = 2147483647;
			files = (
				78251E8426ACBB2000C736A6 /* RxSwift in Frameworks */,
				78251E8226ACBB2000C736A6 /* RxCocoa in Frameworks */,
			);
			runOnlyForDeploymentPostprocessing = 0;
		};
		78251E1B26AC6B6000C736A6 /* Frameworks */ = {
			isa = PBXFrameworksBuildPhase;
			buildActionMask = 2147483647;
			files = (
			);
			runOnlyForDeploymentPostprocessing = 0;
		};
		78251E2526AC6B6000C736A6 /* Frameworks */ = {
			isa = PBXFrameworksBuildPhase;
			buildActionMask = 2147483647;
			files = (
			);
			runOnlyForDeploymentPostprocessing = 0;
		};
/* End PBXFrameworksBuildPhase section */

/* Begin PBXGroup section */
		78251DFF26AC6B5F00C736A6 = {
			isa = PBXGroup;
			children = (
				78251E0A26AC6B5F00C736A6 /* Schemaker */,
				78251E2126AC6B6000C736A6 /* SchemakerTests */,
				78251E2B26AC6B6000C736A6 /* SchemakerUITests */,
				78251E0926AC6B5F00C736A6 /* Products */,
			);
			sourceTree = "<group>";
		};
		78251E0926AC6B5F00C736A6 /* Products */ = {
			isa = PBXGroup;
			children = (
				78251E0826AC6B5F00C736A6 /* Schemaker.app */,
				78251E1E26AC6B6000C736A6 /* SchemakerTests.xctest */,
				78251E2826AC6B6000C736A6 /* SchemakerUITests.xctest */,
			);
			name = Products;
			sourceTree = "<group>";
		};
		78251E0A26AC6B5F00C736A6 /* Schemaker */ = {
			isa = PBXGroup;
			children = (
				78251E3B26AC6EF900C736A6 /* SupportFiles */,
				78251E3A26AC6EDF00C736A6 /* Services */,
				78251E3926AC6ECD00C736A6 /* PresentationModules */,
				78251E0F26AC6B5F00C736A6 /* ViewController.swift */,
				78251E1126AC6B5F00C736A6 /* Main.storyboard */,
				78251E1926AC6B6000C736A6 /* Info.plist */,
			);
			path = Schemaker;
			sourceTree = "<group>";
		};
		78251E2126AC6B6000C736A6 /* SchemakerTests */ = {
			isa = PBXGroup;
			children = (
				78251E2226AC6B6000C736A6 /* SchemakerTests.swift */,
			);
			path = SchemakerTests;
			sourceTree = "<group>";
		};
		78251E2B26AC6B6000C736A6 /* SchemakerUITests */ = {
			isa = PBXGroup;
			children = (
				78251E2C26AC6B6000C736A6 /* SchemakerUITests.swift */,
			);
			path = SchemakerUITests;
			sourceTree = "<group>";
		};
		78251E3926AC6ECD00C736A6 /* PresentationModules */ = {
			isa = PBXGroup;
			children = (
				78251EB726AE204400C736A6 /* Common */,
				78251E9F26ADFB6500C736A6 /* ToolCurtain */,
				78251E6326AC8A3400C736A6 /* SchemasList */,
				78251E5426AC745C00C736A6 /* ItemPreview */,
				78251E5326AC744900C736A6 /* ListScheme */,
			);
			path = PresentationModules;
			sourceTree = "<group>";
		};
		78251E3A26AC6EDF00C736A6 /* Services */ = {
			isa = PBXGroup;
			children = (
			);
			path = Services;
			sourceTree = "<group>";
		};
		78251E3B26AC6EF900C736A6 /* SupportFiles */ = {
			isa = PBXGroup;
			children = (
				78251E0B26AC6B5F00C736A6 /* AppDelegate.swift */,
				78251E0D26AC6B5F00C736A6 /* SceneDelegate.swift */,
				78251E1426AC6B6000C736A6 /* Assets.xcassets */,
				78251E1626AC6B6000C736A6 /* LaunchScreen.storyboard */,
				78251E7226ACAD6100C736A6 /* Extensions */,
			);
			path = SupportFiles;
			sourceTree = "<group>";
		};
		78251E4226AC700200C736A6 /* Components */ = {
			isa = PBXGroup;
			children = (
				78251E9826ACD5ED00C736A6 /* Manager */,
				78251E9326ACD49800C736A6 /* Factory */,
				78251E9026ACD47F00C736A6 /* Models */,
				78251E4326AC71E200C736A6 /* Cells */,
				78251E4026AC6FF000C736A6 /* ListSchemaViewController.xib */,
			);
			path = Components;
			sourceTree = "<group>";
		};
		78251E4326AC71E200C736A6 /* Cells */ = {
			isa = PBXGroup;
			children = (
				78251E4E26AC737D00C736A6 /* AddItemCell */,
				78251E4926AC728E00C736A6 /* ImageCell */,
				78251E4426AC71F300C736A6 /* TextCell */,
			);
			path = Cells;
			sourceTree = "<group>";
		};
		78251E4426AC71F300C736A6 /* TextCell */ = {
			isa = PBXGroup;
			children = (
				78251E4526AC728300C736A6 /* ListSchemaTextCell.swift */,
				78251E4626AC728300C736A6 /* ListSchemaTextCell.xib */,
			);
			path = TextCell;
			sourceTree = "<group>";
		};
		78251E4926AC728E00C736A6 /* ImageCell */ = {
			isa = PBXGroup;
			children = (
				78251E4A26AC72A600C736A6 /* ListSchemaImageCell.swift */,
				78251E4B26AC72A600C736A6 /* ListSchemaImageCell.xib */,
			);
			path = ImageCell;
			sourceTree = "<group>";
		};
		78251E4E26AC737D00C736A6 /* AddItemCell */ = {
			isa = PBXGroup;
			children = (
				78251E4F26AC73D900C736A6 /* ListSchemaAddItemCell.swift */,
				78251E5026AC73D900C736A6 /* ListSchemaAddItemCell.xib */,
			);
			path = AddItemCell;
			sourceTree = "<group>";
		};
		78251E5326AC744900C736A6 /* ListScheme */ = {
			isa = PBXGroup;
			children = (
				78251E4226AC700200C736A6 /* Components */,
				78251E3C26AC6F4900C736A6 /* ListSchemaViewController.swift */,
				78251E3E26AC6F6500C736A6 /* ListSchemaViewModel.swift */,
				78251E9D26AD810300C736A6 /* ListSchemeRouter.swift */,
			);
			path = ListScheme;
			sourceTree = "<group>";
		};
		78251E5426AC745C00C736A6 /* ItemPreview */ = {
			isa = PBXGroup;
			children = (
				78251E5926AC772F00C736A6 /* Components */,
				78251E5526AC75DC00C736A6 /* ItemPreviewViewController.swift */,
				78B7652026AF78FD00BC0923 /* ItemPreviewViewModel.swift */,
			);
			path = ItemPreview;
			sourceTree = "<group>";
		};
		78251E5926AC772F00C736A6 /* Components */ = {
			isa = PBXGroup;
			children = (
				78251E5A26AC773800C736A6 /* ContentViews */,
				78251E5726AC760B00C736A6 /* ItemPreviewViewController.xib */,
			);
			path = Components;
			sourceTree = "<group>";
		};
		78251E5A26AC773800C736A6 /* ContentViews */ = {
			isa = PBXGroup;
			children = (
				78251E5E26AC789300C736A6 /* DrawingContent */,
				78251E5D26AC788100C736A6 /* TextContent */,
				78251E5B26AC776000C736A6 /* CommonContentView.swift */,
			);
			path = ContentViews;
			sourceTree = "<group>";
		};
		78251E5D26AC788100C736A6 /* TextContent */ = {
			isa = PBXGroup;
			children = (
				78251E5F26AC898B00C736A6 /* ItemPreviewTextContentView.swift */,
				78B7651E26AF78C500BC0923 /* TextOutput.swift */,
			);
			path = TextContent;
			sourceTree = "<group>";
		};
		78251E5E26AC789300C736A6 /* DrawingContent */ = {
			isa = PBXGroup;
			children = (
				78251E6126AC89CD00C736A6 /* ItemPreviewDrawingContentView.swift */,
				78B7651C26AF788A00BC0923 /* CommonOutput.swift */,
				78B7652626B0C9A100BC0923 /* DrawingModel.swift */,
			);
			path = DrawingContent;
			sourceTree = "<group>";
		};
		78251E6326AC8A3400C736A6 /* SchemasList */ = {
			isa = PBXGroup;
			children = (
				78251E6626AC8A8700C736A6 /* Components */,
				78251E6426AC8A7600C736A6 /* SchemasListViewController.swift */,
				78251E6E26ACA9A800C736A6 /* SchemasListViewModel.swift */,
				78251E7026ACAA4900C736A6 /* SchemasListRouter.swift */,
			);
			path = SchemasList;
			sourceTree = "<group>";
		};
		78251E6626AC8A8700C736A6 /* Components */ = {
			isa = PBXGroup;
			children = (
				78251E8826ACBC5D00C736A6 /* Factory */,
				78251E8526ACBB3D00C736A6 /* Models */,
				78251E7726ACAE4900C736A6 /* Managers */,
				78251E6926AC8AA000C736A6 /* SchemaCell */,
				78251E6726AC8A9700C736A6 /* SchemasListViewController.xib */,
			);
			path = Components;
			sourceTree = "<group>";
		};
		78251E6926AC8AA000C736A6 /* SchemaCell */ = {
			isa = PBXGroup;
			children = (
				78251E6A26ACA98100C736A6 /* SchemaCell.swift */,
				78251E6B26ACA98100C736A6 /* SchemaCell.xib */,
			);
			path = SchemaCell;
			sourceTree = "<group>";
		};
		78251E7226ACAD6100C736A6 /* Extensions */ = {
			isa = PBXGroup;
			children = (
				78251E7326ACAD7000C736A6 /* UIColor+Extension.swift */,
				78251E7B26ACB01800C736A6 /* UICollectionView+Extension.swift */,
				78251E8B26ACC2E400C736A6 /* Array+Extension.swift */,
				78251E8D26ACCA2400C736A6 /* CALayer+Extension.swift */,
				78251E9B26ACD72200C736A6 /* UITableView+Extension.swift */,
			);
			path = Extensions;
			sourceTree = "<group>";
		};
		78251E7726ACAE4900C736A6 /* Managers */ = {
			isa = PBXGroup;
			children = (
				78251E7526ACAE4400C736A6 /* SchemasListCollectionViewManager.swift */,
			);
			path = Managers;
			sourceTree = "<group>";
		};
		78251E8526ACBB3D00C736A6 /* Models */ = {
			isa = PBXGroup;
			children = (
				78251E8626ACBB5100C736A6 /* SchemaCellModel.swift */,
			);
			path = Models;
			sourceTree = "<group>";
		};
		78251E8826ACBC5D00C736A6 /* Factory */ = {
			isa = PBXGroup;
			children = (
				78251E8926ACBC7B00C736A6 /* SchemasListCellModelFactory.swift */,
			);
			path = Factory;
			sourceTree = "<group>";
		};
		78251E9026ACD47F00C736A6 /* Models */ = {
			isa = PBXGroup;
			children = (
				78251E9126ACD48900C736A6 /* AddItemModel.swift */,
				78251E9426ACD4F500C736A6 /* SchemaItemModel.swift */,
				78B7651A26AF663F00BC0923 /* ImageItem.swift */,
			);
			path = Models;
			sourceTree = "<group>";
		};
		78251E9326ACD49800C736A6 /* Factory */ = {
			isa = PBXGroup;
			children = (
				78251E9626ACD52300C736A6 /* ListSchemaCellModelFactory.swift */,
			);
			path = Factory;
			sourceTree = "<group>";
		};
		78251E9826ACD5ED00C736A6 /* Manager */ = {
			isa = PBXGroup;
			children = (
				78251E9926ACD60800C736A6 /* ListSchemeTableManager.swift */,
			);
			path = Manager;
			sourceTree = "<group>";
		};
		78251E9F26ADFB6500C736A6 /* ToolCurtain */ = {
			isa = PBXGroup;
			children = (
				78251EA426ADFF2D00C736A6 /* Components */,
				78251EA026ADFB7600C736A6 /* SchemeToolCurtain.swift */,
				78251EA526ADFF4400C736A6 /* SchemeToolCurtainViewModel.swift */,
				78B7652426B0C46F00BC0923 /* SchemeToolCurtainOutput.swift */,
			);
			path = ToolCurtain;
			sourceTree = "<group>";
		};
		78251EA426ADFF2D00C736A6 /* Components */ = {
			isa = PBXGroup;
			children = (
				78251EB426AE054000C736A6 /* Factory */,
				78251EB126AE04DC00C736A6 /* Models */,
				78251EAE26AE025F00C736A6 /* Manager */,
				78251EA726AE003C00C736A6 /* Cells */,
				78251EA226ADFDED00C736A6 /* SchemeToolCurtain.xib */,
			);
			path = Components;
			sourceTree = "<group>";
		};
		78251EA726AE003C00C736A6 /* Cells */ = {
			isa = PBXGroup;
			children = (
				78251EAA26AE006100C736A6 /* ToolCurtainColorCell.swift */,
				78251EAB26AE006100C736A6 /* ToolCurtainColorCell.xib */,
			);
			path = Cells;
			sourceTree = "<group>";
		};
		78251EAE26AE025F00C736A6 /* Manager */ = {
			isa = PBXGroup;
			children = (
				78251EAF26AE027000C736A6 /* SchemeToolColorCollectionManager.swift */,
			);
			path = Manager;
			sourceTree = "<group>";
		};
		78251EB126AE04DC00C736A6 /* Models */ = {
			isa = PBXGroup;
			children = (
				78251EB226AE04F800C736A6 /* ToolCurtainColorModel.swift */,
				78B7652226B0BBBF00BC0923 /* ToolCurtainModel.swift */,
			);
			path = Models;
			sourceTree = "<group>";
		};
		78251EB426AE054000C736A6 /* Factory */ = {
			isa = PBXGroup;
			children = (
				78251EB526AE056600C736A6 /* ToolCurtainCellModelBuilder.swift */,
			);
			path = Factory;
			sourceTree = "<group>";
		};
		78251EB726AE204400C736A6 /* Common */ = {
			isa = PBXGroup;
			children = (
				78251EB826AE205500C736A6 /* Curtain.swift */,
			);
			path = Common;
			sourceTree = "<group>";
		};
/* End PBXGroup section */

/* Begin PBXNativeTarget section */
		78251E0726AC6B5F00C736A6 /* Schemaker */ = {
			isa = PBXNativeTarget;
			buildConfigurationList = 78251E3026AC6B6000C736A6 /* Build configuration list for PBXNativeTarget "Schemaker" */;
			buildPhases = (
				78251E0426AC6B5F00C736A6 /* Sources */,
				78251E0526AC6B5F00C736A6 /* Frameworks */,
				78251E0626AC6B5F00C736A6 /* Resources */,
			);
			buildRules = (
			);
			dependencies = (
			);
			name = Schemaker;
			packageProductDependencies = (
				78251E8126ACBB2000C736A6 /* RxCocoa */,
				78251E8326ACBB2000C736A6 /* RxSwift */,
			);
			productName = Schemaker;
			productReference = 78251E0826AC6B5F00C736A6 /* Schemaker.app */;
			productType = "com.apple.product-type.application";
		};
		78251E1D26AC6B6000C736A6 /* SchemakerTests */ = {
			isa = PBXNativeTarget;
			buildConfigurationList = 78251E3326AC6B6000C736A6 /* Build configuration list for PBXNativeTarget "SchemakerTests" */;
			buildPhases = (
				78251E1A26AC6B6000C736A6 /* Sources */,
				78251E1B26AC6B6000C736A6 /* Frameworks */,
				78251E1C26AC6B6000C736A6 /* Resources */,
			);
			buildRules = (
			);
			dependencies = (
				78251E2026AC6B6000C736A6 /* PBXTargetDependency */,
			);
			name = SchemakerTests;
			productName = SchemakerTests;
			productReference = 78251E1E26AC6B6000C736A6 /* SchemakerTests.xctest */;
			productType = "com.apple.product-type.bundle.unit-test";
		};
		78251E2726AC6B6000C736A6 /* SchemakerUITests */ = {
			isa = PBXNativeTarget;
			buildConfigurationList = 78251E3626AC6B6000C736A6 /* Build configuration list for PBXNativeTarget "SchemakerUITests" */;
			buildPhases = (
				78251E2426AC6B6000C736A6 /* Sources */,
				78251E2526AC6B6000C736A6 /* Frameworks */,
				78251E2626AC6B6000C736A6 /* Resources */,
			);
			buildRules = (
			);
			dependencies = (
				78251E2A26AC6B6000C736A6 /* PBXTargetDependency */,
			);
			name = SchemakerUITests;
			productName = SchemakerUITests;
			productReference = 78251E2826AC6B6000C736A6 /* SchemakerUITests.xctest */;
			productType = "com.apple.product-type.bundle.ui-testing";
		};
/* End PBXNativeTarget section */

/* Begin PBXProject section */
		78251E0026AC6B5F00C736A6 /* Project object */ = {
			isa = PBXProject;
			attributes = {
				BuildIndependentTargetsInParallel = 1;
				LastSwiftUpdateCheck = 1300;
				LastUpgradeCheck = 1300;
				TargetAttributes = {
					78251E0726AC6B5F00C736A6 = {
						CreatedOnToolsVersion = 13.0;
					};
					78251E1D26AC6B6000C736A6 = {
						CreatedOnToolsVersion = 13.0;
						TestTargetID = 78251E0726AC6B5F00C736A6;
					};
					78251E2726AC6B6000C736A6 = {
						CreatedOnToolsVersion = 13.0;
						TestTargetID = 78251E0726AC6B5F00C736A6;
					};
				};
			};
			buildConfigurationList = 78251E0326AC6B5F00C736A6 /* Build configuration list for PBXProject "Schemaker" */;
			compatibilityVersion = "Xcode 13.0";
			developmentRegion = en;
			hasScannedForEncodings = 0;
			knownRegions = (
				en,
				Base,
			);
			mainGroup = 78251DFF26AC6B5F00C736A6;
			packageReferences = (
				78251E8026ACBB2000C736A6 /* XCRemoteSwiftPackageReference "RxSwift" */,
			);
			productRefGroup = 78251E0926AC6B5F00C736A6 /* Products */;
			projectDirPath = "";
			projectRoot = "";
			targets = (
				78251E0726AC6B5F00C736A6 /* Schemaker */,
				78251E1D26AC6B6000C736A6 /* SchemakerTests */,
				78251E2726AC6B6000C736A6 /* SchemakerUITests */,
			);
		};
/* End PBXProject section */

/* Begin PBXResourcesBuildPhase section */
		78251E0626AC6B5F00C736A6 /* Resources */ = {
			isa = PBXResourcesBuildPhase;
			buildActionMask = 2147483647;
			files = (
				78251E1826AC6B6000C736A6 /* LaunchScreen.storyboard in Resources */,
				78251E4126AC6FF000C736A6 /* ListSchemaViewController.xib in Resources */,
				78251E4D26AC72A600C736A6 /* ListSchemaImageCell.xib in Resources */,
				78251E1526AC6B6000C736A6 /* Assets.xcassets in Resources */,
				78251EA326ADFDED00C736A6 /* SchemeToolCurtain.xib in Resources */,
				78251E5226AC73D900C736A6 /* ListSchemaAddItemCell.xib in Resources */,
				78251E1326AC6B5F00C736A6 /* Main.storyboard in Resources */,
				78251E6D26ACA98100C736A6 /* SchemaCell.xib in Resources */,
				78251EAD26AE006100C736A6 /* ToolCurtainColorCell.xib in Resources */,
				78251E6826AC8A9700C736A6 /* SchemasListViewController.xib in Resources */,
				78251E5826AC760B00C736A6 /* ItemPreviewViewController.xib in Resources */,
				78251E4826AC728300C736A6 /* ListSchemaTextCell.xib in Resources */,
			);
			runOnlyForDeploymentPostprocessing = 0;
		};
		78251E1C26AC6B6000C736A6 /* Resources */ = {
			isa = PBXResourcesBuildPhase;
			buildActionMask = 2147483647;
			files = (
			);
			runOnlyForDeploymentPostprocessing = 0;
		};
		78251E2626AC6B6000C736A6 /* Resources */ = {
			isa = PBXResourcesBuildPhase;
			buildActionMask = 2147483647;
			files = (
			);
			runOnlyForDeploymentPostprocessing = 0;
		};
/* End PBXResourcesBuildPhase section */

/* Begin PBXSourcesBuildPhase section */
		78251E0426AC6B5F00C736A6 /* Sources */ = {
			isa = PBXSourcesBuildPhase;
			buildActionMask = 2147483647;
			files = (
				78251E6C26ACA98100C736A6 /* SchemaCell.swift in Sources */,
				78251EB026AE027000C736A6 /* SchemeToolColorCollectionManager.swift in Sources */,
				78251E1026AC6B5F00C736A6 /* ViewController.swift in Sources */,
				78251EA626ADFF4400C736A6 /* SchemeToolCurtainViewModel.swift in Sources */,
				78251EA126ADFB7600C736A6 /* SchemeToolCurtain.swift in Sources */,
				78251E6226AC89CD00C736A6 /* ItemPreviewDrawingContentView.swift in Sources */,
				78251E8C26ACC2E400C736A6 /* Array+Extension.swift in Sources */,
				78251EB926AE205500C736A6 /* Curtain.swift in Sources */,
				78251E8E26ACCA2400C736A6 /* CALayer+Extension.swift in Sources */,
				78251EB626AE056600C736A6 /* ToolCurtainCellModelBuilder.swift in Sources */,
				78B7652126AF78FD00BC0923 /* ItemPreviewViewModel.swift in Sources */,
				78251E8A26ACBC7B00C736A6 /* SchemasListCellModelFactory.swift in Sources */,
				78B7651B26AF663F00BC0923 /* ImageItem.swift in Sources */,
				78251EAC26AE006100C736A6 /* ToolCurtainColorCell.swift in Sources */,
				78251E7126ACAA4900C736A6 /* SchemasListRouter.swift in Sources */,
				78251E9A26ACD60800C736A6 /* ListSchemeTableManager.swift in Sources */,
				78251E7426ACAD7000C736A6 /* UIColor+Extension.swift in Sources */,
				78251E7626ACAE4400C736A6 /* SchemasListCollectionViewManager.swift in Sources */,
				78251E4C26AC72A600C736A6 /* ListSchemaImageCell.swift in Sources */,
				78251E9E26AD810300C736A6 /* ListSchemeRouter.swift in Sources */,
				78B7651F26AF78C500BC0923 /* TextOutput.swift in Sources */,
				78251E4726AC728300C736A6 /* ListSchemaTextCell.swift in Sources */,
				78251E6026AC898B00C736A6 /* ItemPreviewTextContentView.swift in Sources */,
				78B7652726B0C9A100BC0923 /* DrawingModel.swift in Sources */,
				78251E5626AC75DC00C736A6 /* ItemPreviewViewController.swift in Sources */,
				78251E5126AC73D900C736A6 /* ListSchemaAddItemCell.swift in Sources */,
				78B7652526B0C46F00BC0923 /* SchemeToolCurtainOutput.swift in Sources */,
				78251E5C26AC776000C736A6 /* CommonContentView.swift in Sources */,
				78251E3D26AC6F4900C736A6 /* ListSchemaViewController.swift in Sources */,
				78251E6F26ACA9A800C736A6 /* SchemasListViewModel.swift in Sources */,
				78251E9526ACD4F500C736A6 /* SchemaItemModel.swift in Sources */,
				78251E0C26AC6B5F00C736A6 /* AppDelegate.swift in Sources */,
				78251E0E26AC6B5F00C736A6 /* SceneDelegate.swift in Sources */,
				78251E7C26ACB01800C736A6 /* UICollectionView+Extension.swift in Sources */,
				78251E6526AC8A7600C736A6 /* SchemasListViewController.swift in Sources */,
				78251EB326AE04F800C736A6 /* ToolCurtainColorModel.swift in Sources */,
				78251E9C26ACD72200C736A6 /* UITableView+Extension.swift in Sources */,
				78B7651D26AF788A00BC0923 /* CommonOutput.swift in Sources */,
				78B7652326B0BBBF00BC0923 /* ToolCurtainModel.swift in Sources */,
				78251E9726ACD52300C736A6 /* ListSchemaCellModelFactory.swift in Sources */,
				78251E8726ACBB5100C736A6 /* SchemaCellModel.swift in Sources */,
				78251E9226ACD48900C736A6 /* AddItemModel.swift in Sources */,
				78251E3F26AC6F6500C736A6 /* ListSchemaViewModel.swift in Sources */,
			);
			runOnlyForDeploymentPostprocessing = 0;
		};
		78251E1A26AC6B6000C736A6 /* Sources */ = {
			isa = PBXSourcesBuildPhase;
			buildActionMask = 2147483647;
			files = (
				78251E2326AC6B6000C736A6 /* SchemakerTests.swift in Sources */,
			);
			runOnlyForDeploymentPostprocessing = 0;
		};
		78251E2426AC6B6000C736A6 /* Sources */ = {
			isa = PBXSourcesBuildPhase;
			buildActionMask = 2147483647;
			files = (
				78251E2D26AC6B6000C736A6 /* SchemakerUITests.swift in Sources */,
			);
			runOnlyForDeploymentPostprocessing = 0;
		};
/* End PBXSourcesBuildPhase section */

/* Begin PBXTargetDependency section */
		78251E2026AC6B6000C736A6 /* PBXTargetDependency */ = {
			isa = PBXTargetDependency;
			target = 78251E0726AC6B5F00C736A6 /* Schemaker */;
			targetProxy = 78251E1F26AC6B6000C736A6 /* PBXContainerItemProxy */;
		};
		78251E2A26AC6B6000C736A6 /* PBXTargetDependency */ = {
			isa = PBXTargetDependency;
			target = 78251E0726AC6B5F00C736A6 /* Schemaker */;
			targetProxy = 78251E2926AC6B6000C736A6 /* PBXContainerItemProxy */;
		};
/* End PBXTargetDependency section */

/* Begin PBXVariantGroup section */
		78251E1126AC6B5F00C736A6 /* Main.storyboard */ = {
			isa = PBXVariantGroup;
			children = (
				78251E1226AC6B5F00C736A6 /* Base */,
			);
			name = Main.storyboard;
			sourceTree = "<group>";
		};
		78251E1626AC6B6000C736A6 /* LaunchScreen.storyboard */ = {
			isa = PBXVariantGroup;
			children = (
				78251E1726AC6B6000C736A6 /* Base */,
			);
			name = LaunchScreen.storyboard;
			sourceTree = "<group>";
		};
/* End PBXVariantGroup section */

/* Begin XCBuildConfiguration section */
		78251E2E26AC6B6000C736A6 /* Debug */ = {
			isa = XCBuildConfiguration;
			buildSettings = {
				ALWAYS_SEARCH_USER_PATHS = NO;
				CLANG_ANALYZER_NONNULL = YES;
				CLANG_ANALYZER_NUMBER_OBJECT_CONVERSION = YES_AGGRESSIVE;
				CLANG_CXX_LANGUAGE_STANDARD = "gnu++17";
				CLANG_CXX_LIBRARY = "libc++";
				CLANG_ENABLE_MODULES = YES;
				CLANG_ENABLE_OBJC_ARC = YES;
				CLANG_ENABLE_OBJC_WEAK = YES;
				CLANG_WARN_BLOCK_CAPTURE_AUTORELEASING = YES;
				CLANG_WARN_BOOL_CONVERSION = YES;
				CLANG_WARN_COMMA = YES;
				CLANG_WARN_CONSTANT_CONVERSION = YES;
				CLANG_WARN_DEPRECATED_OBJC_IMPLEMENTATIONS = YES;
				CLANG_WARN_DIRECT_OBJC_ISA_USAGE = YES_ERROR;
				CLANG_WARN_DOCUMENTATION_COMMENTS = YES;
				CLANG_WARN_EMPTY_BODY = YES;
				CLANG_WARN_ENUM_CONVERSION = YES;
				CLANG_WARN_INFINITE_RECURSION = YES;
				CLANG_WARN_INT_CONVERSION = YES;
				CLANG_WARN_NON_LITERAL_NULL_CONVERSION = YES;
				CLANG_WARN_OBJC_IMPLICIT_RETAIN_SELF = YES;
				CLANG_WARN_OBJC_LITERAL_CONVERSION = YES;
				CLANG_WARN_OBJC_ROOT_CLASS = YES_ERROR;
				CLANG_WARN_QUOTED_INCLUDE_IN_FRAMEWORK_HEADER = YES;
				CLANG_WARN_RANGE_LOOP_ANALYSIS = YES;
				CLANG_WARN_STRICT_PROTOTYPES = YES;
				CLANG_WARN_SUSPICIOUS_MOVE = YES;
				CLANG_WARN_UNGUARDED_AVAILABILITY = YES_AGGRESSIVE;
				CLANG_WARN_UNREACHABLE_CODE = YES;
				CLANG_WARN__DUPLICATE_METHOD_MATCH = YES;
				COPY_PHASE_STRIP = NO;
				DEBUG_INFORMATION_FORMAT = dwarf;
				ENABLE_STRICT_OBJC_MSGSEND = YES;
				ENABLE_TESTABILITY = YES;
				GCC_C_LANGUAGE_STANDARD = gnu11;
				GCC_DYNAMIC_NO_PIC = NO;
				GCC_NO_COMMON_BLOCKS = YES;
				GCC_OPTIMIZATION_LEVEL = 0;
				GCC_PREPROCESSOR_DEFINITIONS = (
					"DEBUG=1",
					"$(inherited)",
				);
				GCC_WARN_64_TO_32_BIT_CONVERSION = YES;
				GCC_WARN_ABOUT_RETURN_TYPE = YES_ERROR;
				GCC_WARN_UNDECLARED_SELECTOR = YES;
				GCC_WARN_UNINITIALIZED_AUTOS = YES_AGGRESSIVE;
				GCC_WARN_UNUSED_FUNCTION = YES;
				GCC_WARN_UNUSED_VARIABLE = YES;
				IPHONEOS_DEPLOYMENT_TARGET = 15.0;
				MTL_ENABLE_DEBUG_INFO = INCLUDE_SOURCE;
				MTL_FAST_MATH = YES;
				ONLY_ACTIVE_ARCH = YES;
				SDKROOT = iphoneos;
				SWIFT_ACTIVE_COMPILATION_CONDITIONS = DEBUG;
				SWIFT_OPTIMIZATION_LEVEL = "-Onone";
			};
			name = Debug;
		};
		78251E2F26AC6B6000C736A6 /* Release */ = {
			isa = XCBuildConfiguration;
			buildSettings = {
				ALWAYS_SEARCH_USER_PATHS = NO;
				CLANG_ANALYZER_NONNULL = YES;
				CLANG_ANALYZER_NUMBER_OBJECT_CONVERSION = YES_AGGRESSIVE;
				CLANG_CXX_LANGUAGE_STANDARD = "gnu++17";
				CLANG_CXX_LIBRARY = "libc++";
				CLANG_ENABLE_MODULES = YES;
				CLANG_ENABLE_OBJC_ARC = YES;
				CLANG_ENABLE_OBJC_WEAK = YES;
				CLANG_WARN_BLOCK_CAPTURE_AUTORELEASING = YES;
				CLANG_WARN_BOOL_CONVERSION = YES;
				CLANG_WARN_COMMA = YES;
				CLANG_WARN_CONSTANT_CONVERSION = YES;
				CLANG_WARN_DEPRECATED_OBJC_IMPLEMENTATIONS = YES;
				CLANG_WARN_DIRECT_OBJC_ISA_USAGE = YES_ERROR;
				CLANG_WARN_DOCUMENTATION_COMMENTS = YES;
				CLANG_WARN_EMPTY_BODY = YES;
				CLANG_WARN_ENUM_CONVERSION = YES;
				CLANG_WARN_INFINITE_RECURSION = YES;
				CLANG_WARN_INT_CONVERSION = YES;
				CLANG_WARN_NON_LITERAL_NULL_CONVERSION = YES;
				CLANG_WARN_OBJC_IMPLICIT_RETAIN_SELF = YES;
				CLANG_WARN_OBJC_LITERAL_CONVERSION = YES;
				CLANG_WARN_OBJC_ROOT_CLASS = YES_ERROR;
				CLANG_WARN_QUOTED_INCLUDE_IN_FRAMEWORK_HEADER = YES;
				CLANG_WARN_RANGE_LOOP_ANALYSIS = YES;
				CLANG_WARN_STRICT_PROTOTYPES = YES;
				CLANG_WARN_SUSPICIOUS_MOVE = YES;
				CLANG_WARN_UNGUARDED_AVAILABILITY = YES_AGGRESSIVE;
				CLANG_WARN_UNREACHABLE_CODE = YES;
				CLANG_WARN__DUPLICATE_METHOD_MATCH = YES;
				COPY_PHASE_STRIP = NO;
				DEBUG_INFORMATION_FORMAT = "dwarf-with-dsym";
				ENABLE_NS_ASSERTIONS = NO;
				ENABLE_STRICT_OBJC_MSGSEND = YES;
				GCC_C_LANGUAGE_STANDARD = gnu11;
				GCC_NO_COMMON_BLOCKS = YES;
				GCC_WARN_64_TO_32_BIT_CONVERSION = YES;
				GCC_WARN_ABOUT_RETURN_TYPE = YES_ERROR;
				GCC_WARN_UNDECLARED_SELECTOR = YES;
				GCC_WARN_UNINITIALIZED_AUTOS = YES_AGGRESSIVE;
				GCC_WARN_UNUSED_FUNCTION = YES;
				GCC_WARN_UNUSED_VARIABLE = YES;
				IPHONEOS_DEPLOYMENT_TARGET = 15.0;
				MTL_ENABLE_DEBUG_INFO = NO;
				MTL_FAST_MATH = YES;
				SDKROOT = iphoneos;
				SWIFT_COMPILATION_MODE = wholemodule;
				SWIFT_OPTIMIZATION_LEVEL = "-O";
				VALIDATE_PRODUCT = YES;
			};
			name = Release;
		};
		78251E3126AC6B6000C736A6 /* Debug */ = {
			isa = XCBuildConfiguration;
			buildSettings = {
				ASSETCATALOG_COMPILER_APPICON_NAME = AppIcon;
				ASSETCATALOG_COMPILER_GLOBAL_ACCENT_COLOR_NAME = AccentColor;
				CODE_SIGN_STYLE = Automatic;
				CURRENT_PROJECT_VERSION = 1;
				DEVELOPMENT_TEAM = G3P284NUFU;
				GENERATE_INFOPLIST_FILE = YES;
				INFOPLIST_FILE = Schemaker/Info.plist;
				INFOPLIST_KEY_NSMainNibFile = Main;
				INFOPLIST_KEY_UIApplicationSupportsIndirectInputEvents = YES;
				INFOPLIST_KEY_UILaunchStoryboardName = LaunchScreen;
				INFOPLIST_KEY_UISupportedInterfaceOrientations_iPad = "UIInterfaceOrientationPortrait UIInterfaceOrientationPortraitUpsideDown UIInterfaceOrientationLandscapeLeft UIInterfaceOrientationLandscapeRight";
				INFOPLIST_KEY_UISupportedInterfaceOrientations_iPhone = "UIInterfaceOrientationPortrait UIInterfaceOrientationLandscapeLeft UIInterfaceOrientationLandscapeRight";
				LD_RUNPATH_SEARCH_PATHS = (
					"$(inherited)",
					"@executable_path/Frameworks",
				);
				MARKETING_VERSION = 1.0;
				PRODUCT_BUNDLE_IDENTIFIER = com.smaker.Schemaker;
				PRODUCT_NAME = "$(TARGET_NAME)";
				SWIFT_EMIT_LOC_STRINGS = YES;
				SWIFT_VERSION = 5.0;
				TARGETED_DEVICE_FAMILY = "1,2";
			};
			name = Debug;
		};
		78251E3226AC6B6000C736A6 /* Release */ = {
			isa = XCBuildConfiguration;
			buildSettings = {
				ASSETCATALOG_COMPILER_APPICON_NAME = AppIcon;
				ASSETCATALOG_COMPILER_GLOBAL_ACCENT_COLOR_NAME = AccentColor;
				CODE_SIGN_STYLE = Automatic;
				CURRENT_PROJECT_VERSION = 1;
				DEVELOPMENT_TEAM = G3P284NUFU;
				GENERATE_INFOPLIST_FILE = YES;
				INFOPLIST_FILE = Schemaker/Info.plist;
				INFOPLIST_KEY_NSMainNibFile = Main;
				INFOPLIST_KEY_UIApplicationSupportsIndirectInputEvents = YES;
				INFOPLIST_KEY_UILaunchStoryboardName = LaunchScreen;
				INFOPLIST_KEY_UISupportedInterfaceOrientations_iPad = "UIInterfaceOrientationPortrait UIInterfaceOrientationPortraitUpsideDown UIInterfaceOrientationLandscapeLeft UIInterfaceOrientationLandscapeRight";
				INFOPLIST_KEY_UISupportedInterfaceOrientations_iPhone = "UIInterfaceOrientationPortrait UIInterfaceOrientationLandscapeLeft UIInterfaceOrientationLandscapeRight";
				LD_RUNPATH_SEARCH_PATHS = (
					"$(inherited)",
					"@executable_path/Frameworks",
				);
				MARKETING_VERSION = 1.0;
				PRODUCT_BUNDLE_IDENTIFIER = com.smaker.Schemaker;
				PRODUCT_NAME = "$(TARGET_NAME)";
				SWIFT_EMIT_LOC_STRINGS = YES;
				SWIFT_VERSION = 5.0;
				TARGETED_DEVICE_FAMILY = "1,2";
			};
			name = Release;
		};
		78251E3426AC6B6000C736A6 /* Debug */ = {
			isa = XCBuildConfiguration;
			buildSettings = {
				ALWAYS_EMBED_SWIFT_STANDARD_LIBRARIES = YES;
				BUNDLE_LOADER = "$(TEST_HOST)";
				CODE_SIGN_STYLE = Automatic;
				CURRENT_PROJECT_VERSION = 1;
				DEVELOPMENT_TEAM = G3P284NUFU;
				GENERATE_INFOPLIST_FILE = YES;
				IPHONEOS_DEPLOYMENT_TARGET = 15.0;
				LD_RUNPATH_SEARCH_PATHS = (
					"$(inherited)",
					"@executable_path/Frameworks",
					"@loader_path/Frameworks",
				);
				MARKETING_VERSION = 1.0;
				PRODUCT_BUNDLE_IDENTIFIER = com.smaker.SchemakerTests;
				PRODUCT_NAME = "$(TARGET_NAME)";
				SWIFT_EMIT_LOC_STRINGS = NO;
				SWIFT_VERSION = 5.0;
				TARGETED_DEVICE_FAMILY = "1,2";
				TEST_HOST = "$(BUILT_PRODUCTS_DIR)/Schemaker.app/Schemaker";
			};
			name = Debug;
		};
		78251E3526AC6B6000C736A6 /* Release */ = {
			isa = XCBuildConfiguration;
			buildSettings = {
				ALWAYS_EMBED_SWIFT_STANDARD_LIBRARIES = YES;
				BUNDLE_LOADER = "$(TEST_HOST)";
				CODE_SIGN_STYLE = Automatic;
				CURRENT_PROJECT_VERSION = 1;
				DEVELOPMENT_TEAM = G3P284NUFU;
				GENERATE_INFOPLIST_FILE = YES;
				IPHONEOS_DEPLOYMENT_TARGET = 15.0;
				LD_RUNPATH_SEARCH_PATHS = (
					"$(inherited)",
					"@executable_path/Frameworks",
					"@loader_path/Frameworks",
				);
				MARKETING_VERSION = 1.0;
				PRODUCT_BUNDLE_IDENTIFIER = com.smaker.SchemakerTests;
				PRODUCT_NAME = "$(TARGET_NAME)";
				SWIFT_EMIT_LOC_STRINGS = NO;
				SWIFT_VERSION = 5.0;
				TARGETED_DEVICE_FAMILY = "1,2";
				TEST_HOST = "$(BUILT_PRODUCTS_DIR)/Schemaker.app/Schemaker";
			};
			name = Release;
		};
		78251E3726AC6B6000C736A6 /* Debug */ = {
			isa = XCBuildConfiguration;
			buildSettings = {
				ALWAYS_EMBED_SWIFT_STANDARD_LIBRARIES = YES;
				CODE_SIGN_STYLE = Automatic;
				CURRENT_PROJECT_VERSION = 1;
				DEVELOPMENT_TEAM = G3P284NUFU;
				GENERATE_INFOPLIST_FILE = YES;
				LD_RUNPATH_SEARCH_PATHS = (
					"$(inherited)",
					"@executable_path/Frameworks",
					"@loader_path/Frameworks",
				);
				MARKETING_VERSION = 1.0;
				PRODUCT_BUNDLE_IDENTIFIER = com.smaker.SchemakerUITests;
				PRODUCT_NAME = "$(TARGET_NAME)";
				SWIFT_EMIT_LOC_STRINGS = NO;
				SWIFT_VERSION = 5.0;
				TARGETED_DEVICE_FAMILY = "1,2";
				TEST_TARGET_NAME = Schemaker;
			};
			name = Debug;
		};
		78251E3826AC6B6000C736A6 /* Release */ = {
			isa = XCBuildConfiguration;
			buildSettings = {
				ALWAYS_EMBED_SWIFT_STANDARD_LIBRARIES = YES;
				CODE_SIGN_STYLE = Automatic;
				CURRENT_PROJECT_VERSION = 1;
				DEVELOPMENT_TEAM = G3P284NUFU;
				GENERATE_INFOPLIST_FILE = YES;
				LD_RUNPATH_SEARCH_PATHS = (
					"$(inherited)",
					"@executable_path/Frameworks",
					"@loader_path/Frameworks",
				);
				MARKETING_VERSION = 1.0;
				PRODUCT_BUNDLE_IDENTIFIER = com.smaker.SchemakerUITests;
				PRODUCT_NAME = "$(TARGET_NAME)";
				SWIFT_EMIT_LOC_STRINGS = NO;
				SWIFT_VERSION = 5.0;
				TARGETED_DEVICE_FAMILY = "1,2";
				TEST_TARGET_NAME = Schemaker;
			};
			name = Release;
		};
/* End XCBuildConfiguration section */

/* Begin XCConfigurationList section */
		78251E0326AC6B5F00C736A6 /* Build configuration list for PBXProject "Schemaker" */ = {
			isa = XCConfigurationList;
			buildConfigurations = (
				78251E2E26AC6B6000C736A6 /* Debug */,
				78251E2F26AC6B6000C736A6 /* Release */,
			);
			defaultConfigurationIsVisible = 0;
			defaultConfigurationName = Release;
		};
		78251E3026AC6B6000C736A6 /* Build configuration list for PBXNativeTarget "Schemaker" */ = {
			isa = XCConfigurationList;
			buildConfigurations = (
				78251E3126AC6B6000C736A6 /* Debug */,
				78251E3226AC6B6000C736A6 /* Release */,
			);
			defaultConfigurationIsVisible = 0;
			defaultConfigurationName = Release;
		};
		78251E3326AC6B6000C736A6 /* Build configuration list for PBXNativeTarget "SchemakerTests" */ = {
			isa = XCConfigurationList;
			buildConfigurations = (
				78251E3426AC6B6000C736A6 /* Debug */,
				78251E3526AC6B6000C736A6 /* Release */,
			);
			defaultConfigurationIsVisible = 0;
			defaultConfigurationName = Release;
		};
		78251E3626AC6B6000C736A6 /* Build configuration list for PBXNativeTarget "SchemakerUITests" */ = {
			isa = XCConfigurationList;
			buildConfigurations = (
				78251E3726AC6B6000C736A6 /* Debug */,
				78251E3826AC6B6000C736A6 /* Release */,
			);
			defaultConfigurationIsVisible = 0;
			defaultConfigurationName = Release;
		};
/* End XCConfigurationList section */

/* Begin XCRemoteSwiftPackageReference section */
		78251E8026ACBB2000C736A6 /* XCRemoteSwiftPackageReference "RxSwift" */ = {
			isa = XCRemoteSwiftPackageReference;
			repositoryURL = "https://github.com/ReactiveX/RxSwift";
			requirement = {
				kind = upToNextMajorVersion;
				minimumVersion = 6.0.0;
			};
		};
/* End XCRemoteSwiftPackageReference section */

/* Begin XCSwiftPackageProductDependency section */
		78251E8126ACBB2000C736A6 /* RxCocoa */ = {
			isa = XCSwiftPackageProductDependency;
			package = 78251E8026ACBB2000C736A6 /* XCRemoteSwiftPackageReference "RxSwift" */;
			productName = RxCocoa;
		};
		78251E8326ACBB2000C736A6 /* RxSwift */ = {
			isa = XCSwiftPackageProductDependency;
			package = 78251E8026ACBB2000C736A6 /* XCRemoteSwiftPackageReference "RxSwift" */;
			productName = RxSwift;
		};
/* End XCSwiftPackageProductDependency section */
	};
	rootObject = 78251E0026AC6B5F00C736A6 /* Project object */;
}
